// !$*UTF8*$!
{
	archiveVersion = 1;
	classes = {
	};
	objectVersion = 77;
	objects = {

/* Begin PBXContainerItemProxy section */
		9FA34FFD2EABD77F002C6632 /* PBXContainerItemProxy */ = {
			isa = PBXContainerItemProxy;
			containerPortal = 9FA34FE72EABD77D002C6632 /* Project object */;
			proxyType = 1;
			remoteGlobalIDString = 9FA34FEE2EABD77D002C6632;
			remoteInfo = TVDisplay;
		};
		9FA350072EABD77F002C6632 /* PBXContainerItemProxy */ = {
			isa = PBXContainerItemProxy;
			containerPortal = 9FA34FE72EABD77D002C6632 /* Project object */;
			proxyType = 1;
			remoteGlobalIDString = 9FA34FEE2EABD77D002C6632;
			remoteInfo = TVDisplay;
		};
/* End PBXContainerItemProxy section */

/* Begin PBXFileReference section */
		9FA34FEF2EABD77D002C6632 /* TVDisplay.app */ = {isa = PBXFileReference; explicitFileType = wrapper.application; includeInIndex = 0; path = TVDisplay.app; sourceTree = BUILT_PRODUCTS_DIR; };
		9FA34FFC2EABD77F002C6632 /* TVDisplayTests.xctest */ = {isa = PBXFileReference; explicitFileType = wrapper.cfbundle; includeInIndex = 0; path = TVDisplayTests.xctest; sourceTree = BUILT_PRODUCTS_DIR; };
		9FA350062EABD77F002C6632 /* TVDisplayUITests.xctest */ = {isa = PBXFileReference; explicitFileType = wrapper.cfbundle; includeInIndex = 0; path = TVDisplayUITests.xctest; sourceTree = BUILT_PRODUCTS_DIR; };
/* End PBXFileReference section */

/* Begin PBXFileSystemSynchronizedRootGroup section */
		9FA34FF12EABD77D002C6632 /* TVDisplay */ = {
			isa = PBXFileSystemSynchronizedRootGroup;
			path = TVDisplay;
			sourceTree = "<group>";
		};
		9FA34FFF2EABD77F002C6632 /* TVDisplayTests */ = {
			isa = PBXFileSystemSynchronizedRootGroup;
			path = TVDisplayTests;
			sourceTree = "<group>";
		};
		9FA350092EABD77F002C6632 /* TVDisplayUITests */ = {
			isa = PBXFileSystemSynchronizedRootGroup;
			path = TVDisplayUITests;
			sourceTree = "<group>";
		};
/* End PBXFileSystemSynchronizedRootGroup section */

/* Begin PBXFrameworksBuildPhase section */
		9FA34FEC2EABD77D002C6632 /* Frameworks */ = {
			isa = PBXFrameworksBuildPhase;
			buildActionMask = 2147483647;
			files = (
			);
			runOnlyForDeploymentPostprocessing = 0;
		};
		9FA34FF92EABD77F002C6632 /* Frameworks */ = {
			isa = PBXFrameworksBuildPhase;
			buildActionMask = 2147483647;
			files = (
			);
			runOnlyForDeploymentPostprocessing = 0;
		};
		9FA350032EABD77F002C6632 /* Frameworks */ = {
			isa = PBXFrameworksBuildPhase;
			buildActionMask = 2147483647;
			files = (
			);
			runOnlyForDeploymentPostprocessing = 0;
		};
/* End PBXFrameworksBuildPhase section */

/* Begin PBXGroup section */
		9FA34FE62EABD77D002C6632 = {
			isa = PBXGroup;
			children = (
				9FA34FF12EABD77D002C6632 /* TVDisplay */,
				9FA34FFF2EABD77F002C6632 /* TVDisplayTests */,
				9FA350092EABD77F002C6632 /* TVDisplayUITests */,
				9FA34FF02EABD77D002C6632 /* Products */,
			);
			sourceTree = "<group>";
		};
		9FA34FF02EABD77D002C6632 /* Products */ = {
			isa = PBXGroup;
			children = (
				9FA34FEF2EABD77D002C6632 /* TVDisplay.app */,
				9FA34FFC2EABD77F002C6632 /* TVDisplayTests.xctest */,
				9FA350062EABD77F002C6632 /* TVDisplayUITests.xctest */,
			);
			name = Products;
			sourceTree = "<group>";
		};
/* End PBXGroup section */

/* Begin PBXNativeTarget section */
		9FA34FEE2EABD77D002C6632 /* TVDisplay */ = {
			isa = PBXNativeTarget;
			buildConfigurationList = 9FA350102EABD77F002C6632 /* Build configuration list for PBXNativeTarget "TVDisplay" */;
			buildPhases = (
				9FA34FEB2EABD77D002C6632 /* Sources */,
				9FA34FEC2EABD77D002C6632 /* Frameworks */,
				9FA34FED2EABD77D002C6632 /* Resources */,
			);
			buildRules = (
			);
			dependencies = (
			);
			fileSystemSynchronizedGroups = (
				9FA34FF12EABD77D002C6632 /* TVDisplay */,
			);
			name = TVDisplay;
			packageProductDependencies = (
			);
			productName = TVDisplay;
			productReference = 9FA34FEF2EABD77D002C6632 /* TVDisplay.app */;
			productType = "com.apple.product-type.application";
		};
		9FA34FFB2EABD77F002C6632 /* TVDisplayTests */ = {
			isa = PBXNativeTarget;
			buildConfigurationList = 9FA350132EABD77F002C6632 /* Build configuration list for PBXNativeTarget "TVDisplayTests" */;
			buildPhases = (
				9FA34FF82EABD77F002C6632 /* Sources */,
				9FA34FF92EABD77F002C6632 /* Frameworks */,
				9FA34FFA2EABD77F002C6632 /* Resources */,
			);
			buildRules = (
			);
			dependencies = (
				9FA34FFE2EABD77F002C6632 /* PBXTargetDependency */,
			);
			fileSystemSynchronizedGroups = (
				9FA34FFF2EABD77F002C6632 /* TVDisplayTests */,
			);
			name = TVDisplayTests;
			packageProductDependencies = (
			);
			productName = TVDisplayTests;
			productReference = 9FA34FFC2EABD77F002C6632 /* TVDisplayTests.xctest */;
			productType = "com.apple.product-type.bundle.unit-test";
		};
		9FA350052EABD77F002C6632 /* TVDisplayUITests */ = {
			isa = PBXNativeTarget;
			buildConfigurationList = 9FA350162EABD77F002C6632 /* Build configuration list for PBXNativeTarget "TVDisplayUITests" */;
			buildPhases = (
				9FA350022EABD77F002C6632 /* Sources */,
				9FA350032EABD77F002C6632 /* Frameworks */,
				9FA350042EABD77F002C6632 /* Resources */,
			);
			buildRules = (
			);
			dependencies = (
				9FA350082EABD77F002C6632 /* PBXTargetDependency */,
			);
			fileSystemSynchronizedGroups = (
				9FA350092EABD77F002C6632 /* TVDisplayUITests */,
			);
			name = TVDisplayUITests;
			packageProductDependencies = (
			);
			productName = TVDisplayUITests;
			productReference = 9FA350062EABD77F002C6632 /* TVDisplayUITests.xctest */;
			productType = "com.apple.product-type.bundle.ui-testing";
		};
/* End PBXNativeTarget section */

/* Begin PBXProject section */
		9FA34FE72EABD77D002C6632 /* Project object */ = {
			isa = PBXProject;
			attributes = {
				BuildIndependentTargetsInParallel = 1;
				LastSwiftUpdateCheck = 2600;
				LastUpgradeCheck = 2600;
				TargetAttributes = {
					9FA34FEE2EABD77D002C6632 = {
						CreatedOnToolsVersion = 26.0.1;
					};
					9FA34FFB2EABD77F002C6632 = {
						CreatedOnToolsVersion = 26.0.1;
						TestTargetID = 9FA34FEE2EABD77D002C6632;
					};
					9FA350052EABD77F002C6632 = {
						CreatedOnToolsVersion = 26.0.1;
						TestTargetID = 9FA34FEE2EABD77D002C6632;
					};
				};
			};
			buildConfigurationList = 9FA34FEA2EABD77D002C6632 /* Build configuration list for PBXProject "TVDisplay" */;
			developmentRegion = en;
			hasScannedForEncodings = 0;
			knownRegions = (
				en,
				Base,
			);
			mainGroup = 9FA34FE62EABD77D002C6632;
			minimizedProjectReferenceProxies = 1;
			preferredProjectObjectVersion = 77;
			productRefGroup = 9FA34FF02EABD77D002C6632 /* Products */;
			projectDirPath = "";
			projectRoot = "";
			targets = (
				9FA34FEE2EABD77D002C6632 /* TVDisplay */,
				9FA34FFB2EABD77F002C6632 /* TVDisplayTests */,
				9FA350052EABD77F002C6632 /* TVDisplayUITests */,
			);
		};
/* End PBXProject section */

/* Begin PBXResourcesBuildPhase section */
		9FA34FED2EABD77D002C6632 /* Resources */ = {
			isa = PBXResourcesBuildPhase;
			buildActionMask = 2147483647;
			files = (
			);
			runOnlyForDeploymentPostprocessing = 0;
		};
		9FA34FFA2EABD77F002C6632 /* Resources */ = {
			isa = PBXResourcesBuildPhase;
			buildActionMask = 2147483647;
			files = (
			);
			runOnlyForDeploymentPostprocessing = 0;
		};
		9FA350042EABD77F002C6632 /* Resources */ = {
			isa = PBXResourcesBuildPhase;
			buildActionMask = 2147483647;
			files = (
			);
			runOnlyForDeploymentPostprocessing = 0;
		};
/* End PBXResourcesBuildPhase section */

/* Begin PBXSourcesBuildPhase section */
		9FA34FEB2EABD77D002C6632 /* Sources */ = {
			isa = PBXSourcesBuildPhase;
			buildActionMask = 2147483647;
			files = (
			);
			runOnlyForDeploymentPostprocessing = 0;
		};
		9FA34FF82EABD77F002C6632 /* Sources */ = {
			isa = PBXSourcesBuildPhase;
			buildActionMask = 2147483647;
			files = (
			);
			runOnlyForDeploymentPostprocessing = 0;
		};
		9FA350022EABD77F002C6632 /* Sources */ = {
			isa = PBXSourcesBuildPhase;
			buildActionMask = 2147483647;
			files = (
			);
			runOnlyForDeploymentPostprocessing = 0;
		};
/* End PBXSourcesBuildPhase section */

/* Begin PBXTargetDependency section */
		9FA34FFE2EABD77F002C6632 /* PBXTargetDependency */ = {
			isa = PBXTargetDependency;
			target = 9FA34FEE2EABD77D002C6632 /* TVDisplay */;
			targetProxy = 9FA34FFD2EABD77F002C6632 /* PBXContainerItemProxy */;
		};
		9FA350082EABD77F002C6632 /* PBXTargetDependency */ = {
			isa = PBXTargetDependency;
			target = 9FA34FEE2EABD77D002C6632 /* TVDisplay */;
			targetProxy = 9FA350072EABD77F002C6632 /* PBXContainerItemProxy */;
		};
/* End PBXTargetDependency section */

/* Begin XCBuildConfiguration section */
		9FA3500E2EABD77F002C6632 /* Debug */ = {
			isa = XCBuildConfiguration;
			buildSettings = {
				ALWAYS_SEARCH_USER_PATHS = NO;
				ASSETCATALOG_COMPILER_GENERATE_SWIFT_ASSET_SYMBOL_EXTENSIONS = YES;
				CLANG_ANALYZER_NONNULL = YES;
				CLANG_ANALYZER_NUMBER_OBJECT_CONVERSION = YES_AGGRESSIVE;
				CLANG_CXX_LANGUAGE_STANDARD = "gnu++20";
				CLANG_ENABLE_MODULES = YES;
				CLANG_ENABLE_OBJC_ARC = YES;
				CLANG_ENABLE_OBJC_WEAK = YES;
				CLANG_WARN_BLOCK_CAPTURE_AUTORELEASING = YES;
				CLANG_WARN_BOOL_CONVERSION = YES;
				CLANG_WARN_COMMA = YES;
				CLANG_WARN_CONSTANT_CONVERSION = YES;
				CLANG_WARN_DEPRECATED_OBJC_IMPLEMENTATIONS = YES;
				CLANG_WARN_DIRECT_OBJC_ISA_USAGE = YES_ERROR;
				CLANG_WARN_DOCUMENTATION_COMMENTS = YES;
				CLANG_WARN_EMPTY_BODY = YES;
				CLANG_WARN_ENUM_CONVERSION = YES;
				CLANG_WARN_INFINITE_RECURSION = YES;
				CLANG_WARN_INT_CONVERSION = YES;
				CLANG_WARN_NON_LITERAL_NULL_CONVERSION = YES;
				CLANG_WARN_OBJC_IMPLICIT_RETAIN_SELF = YES;
				CLANG_WARN_OBJC_LITERAL_CONVERSION = YES;
				CLANG_WARN_OBJC_ROOT_CLASS = YES_ERROR;
				CLANG_WARN_QUOTED_INCLUDE_IN_FRAMEWORK_HEADER = YES;
				CLANG_WARN_RANGE_LOOP_ANALYSIS = YES;
				CLANG_WARN_STRICT_PROTOTYPES = YES;
				CLANG_WARN_SUSPICIOUS_MOVE = YES;
				CLANG_WARN_UNGUARDED_AVAILABILITY = YES_AGGRESSIVE;
				CLANG_WARN_UNREACHABLE_CODE = YES;
				CLANG_WARN__DUPLICATE_METHOD_MATCH = YES;
				COPY_PHASE_STRIP = NO;
				DEBUG_INFORMATION_FORMAT = dwarf;
				ENABLE_STRICT_OBJC_MSGSEND = YES;
				ENABLE_TESTABILITY = YES;
				ENABLE_USER_SCRIPT_SANDBOXING = YES;
				GCC_C_LANGUAGE_STANDARD = gnu17;
				GCC_DYNAMIC_NO_PIC = NO;
				GCC_NO_COMMON_BLOCKS = YES;
				GCC_OPTIMIZATION_LEVEL = 0;
				GCC_PREPROCESSOR_DEFINITIONS = (
					"DEBUG=1",
					"$(inherited)",
				);
				GCC_WARN_64_TO_32_BIT_CONVERSION = YES;
				GCC_WARN_ABOUT_RETURN_TYPE = YES_ERROR;
				GCC_WARN_UNDECLARED_SELECTOR = YES;
				GCC_WARN_UNINITIALIZED_AUTOS = YES_AGGRESSIVE;
				GCC_WARN_UNUSED_FUNCTION = YES;
				GCC_WARN_UNUSED_VARIABLE = YES;
				LOCALIZATION_PREFERS_STRING_CATALOGS = YES;
				MTL_ENABLE_DEBUG_INFO = INCLUDE_SOURCE;
				MTL_FAST_MATH = YES;
				ONLY_ACTIVE_ARCH = YES;
				SDKROOT = appletvos;
				SWIFT_ACTIVE_COMPILATION_CONDITIONS = "DEBUG $(inherited)";
				SWIFT_OPTIMIZATION_LEVEL = "-Onone";
				TVOS_DEPLOYMENT_TARGET = 26.0;
			};
			name = Debug;
		};
		9FA3500F2EABD77F002C6632 /* Release */ = {
			isa = XCBuildConfiguration;
			buildSettings = {
				ALWAYS_SEARCH_USER_PATHS = NO;
				ASSETCATALOG_COMPILER_GENERATE_SWIFT_ASSET_SYMBOL_EXTENSIONS = YES;
				CLANG_ANALYZER_NONNULL = YES;
				CLANG_ANALYZER_NUMBER_OBJECT_CONVERSION = YES_AGGRESSIVE;
				CLANG_CXX_LANGUAGE_STANDARD = "gnu++20";
				CLANG_ENABLE_MODULES = YES;
				CLANG_ENABLE_OBJC_ARC = YES;
				CLANG_ENABLE_OBJC_WEAK = YES;
				CLANG_WARN_BLOCK_CAPTURE_AUTORELEASING = YES;
				CLANG_WARN_BOOL_CONVERSION = YES;
				CLANG_WARN_COMMA = YES;
				CLANG_WARN_CONSTANT_CONVERSION = YES;
				CLANG_WARN_DEPRECATED_OBJC_IMPLEMENTATIONS = YES;
				CLANG_WARN_DIRECT_OBJC_ISA_USAGE = YES_ERROR;
				CLANG_WARN_DOCUMENTATION_COMMENTS = YES;
				CLANG_WARN_EMPTY_BODY = YES;
				CLANG_WARN_ENUM_CONVERSION = YES;
				CLANG_WARN_INFINITE_RECURSION = YES;
				CLANG_WARN_INT_CONVERSION = YES;
				CLANG_WARN_NON_LITERAL_NULL_CONVERSION = YES;
				CLANG_WARN_OBJC_IMPLICIT_RETAIN_SELF = YES;
				CLANG_WARN_OBJC_LITERAL_CONVERSION = YES;
				CLANG_WARN_OBJC_ROOT_CLASS = YES_ERROR;
				CLANG_WARN_QUOTED_INCLUDE_IN_FRAMEWORK_HEADER = YES;
				CLANG_WARN_RANGE_LOOP_ANALYSIS = YES;
				CLANG_WARN_STRICT_PROTOTYPES = YES;
				CLANG_WARN_SUSPICIOUS_MOVE = YES;
				CLANG_WARN_UNGUARDED_AVAILABILITY = YES_AGGRESSIVE;
				CLANG_WARN_UNREACHABLE_CODE = YES;
				CLANG_WARN__DUPLICATE_METHOD_MATCH = YES;
				COPY_PHASE_STRIP = NO;
				DEBUG_INFORMATION_FORMAT = "dwarf-with-dsym";
				ENABLE_NS_ASSERTIONS = NO;
				ENABLE_STRICT_OBJC_MSGSEND = YES;
				ENABLE_USER_SCRIPT_SANDBOXING = YES;
				GCC_C_LANGUAGE_STANDARD = gnu17;
				GCC_NO_COMMON_BLOCKS = YES;
				GCC_WARN_64_TO_32_BIT_CONVERSION = YES;
				GCC_WARN_ABOUT_RETURN_TYPE = YES_ERROR;
				GCC_WARN_UNDECLARED_SELECTOR = YES;
				GCC_WARN_UNINITIALIZED_AUTOS = YES_AGGRESSIVE;
				GCC_WARN_UNUSED_FUNCTION = YES;
				GCC_WARN_UNUSED_VARIABLE = YES;
				LOCALIZATION_PREFERS_STRING_CATALOGS = YES;
				MTL_ENABLE_DEBUG_INFO = NO;
				MTL_FAST_MATH = YES;
				SDKROOT = appletvos;
				SWIFT_COMPILATION_MODE = wholemodule;
				TVOS_DEPLOYMENT_TARGET = 26.0;
				VALIDATE_PRODUCT = YES;
			};
			name = Release;
		};
		9FA350112EABD77F002C6632 /* Debug */ = {
			isa = XCBuildConfiguration;
			buildSettings = {
				ASSETCATALOG_COMPILER_APPICON_NAME = "App Icon & Top Shelf Image";
				ASSETCATALOG_COMPILER_GLOBAL_ACCENT_COLOR_NAME = AccentColor;
				CODE_SIGN_STYLE = Automatic;
				CURRENT_PROJECT_VERSION = 1;
				DEVELOPMENT_TEAM = N7ZWPA8T48;
				ENABLE_PREVIEWS = YES;
				GENERATE_INFOPLIST_FILE = YES;
				INFOPLIST_KEY_UILaunchScreen_Generation = YES;
				INFOPLIST_KEY_UIUserInterfaceStyle = Automatic;
				LD_RUNPATH_SEARCH_PATHS = (
					"$(inherited)",
					"@executable_path/Frameworks",
				);
				MARKETING_VERSION = 1.0;
				PRODUCT_BUNDLE_IDENTIFIER = me.louis.lee.TVDisplay;
				PRODUCT_NAME = "$(TARGET_NAME)";
				STRING_CATALOG_GENERATE_SYMBOLS = YES;
				SWIFT_APPROACHABLE_CONCURRENCY = YES;
				SWIFT_DEFAULT_ACTOR_ISOLATION = MainActor;
				SWIFT_EMIT_LOC_STRINGS = YES;
				SWIFT_UPCOMING_FEATURE_MEMBER_IMPORT_VISIBILITY = YES;
				SWIFT_VERSION = 5.0;
				TARGETED_DEVICE_FAMILY = 3;
			};
			name = Debug;
		};
		9FA350122EABD77F002C6632 /* Release */ = {
			isa = XCBuildConfiguration;
			buildSettings = {
				ASSETCATALOG_COMPILER_APPICON_NAME = "App Icon & Top Shelf Image";
				ASSETCATALOG_COMPILER_GLOBAL_ACCENT_COLOR_NAME = AccentColor;
				CODE_SIGN_STYLE = Automatic;
				CURRENT_PROJECT_VERSION = 1;
				DEVELOPMENT_TEAM = N7ZWPA8T48;
				ENABLE_PREVIEWS = YES;
				GENERATE_INFOPLIST_FILE = YES;
				INFOPLIST_KEY_UILaunchScreen_Generation = YES;
				INFOPLIST_KEY_UIUserInterfaceStyle = Automatic;
				LD_RUNPATH_SEARCH_PATHS = (
					"$(inherited)",
					"@executable_path/Frameworks",
				);
				MARKETING_VERSION = 1.0;
				PRODUCT_BUNDLE_IDENTIFIER = me.louis.lee.TVDisplay;
				PRODUCT_NAME = "$(TARGET_NAME)";
				STRING_CATALOG_GENERATE_SYMBOLS = YES;
				SWIFT_APPROACHABLE_CONCURRENCY = YES;
				SWIFT_DEFAULT_ACTOR_ISOLATION = MainActor;
				SWIFT_EMIT_LOC_STRINGS = YES;
				SWIFT_UPCOMING_FEATURE_MEMBER_IMPORT_VISIBILITY = YES;
				SWIFT_VERSION = 5.0;
				TARGETED_DEVICE_FAMILY = 3;
			};
			name = Release;
		};
		9FA350142EABD77F002C6632 /* Debug */ = {
			isa = XCBuildConfiguration;
			buildSettings = {
				BUNDLE_LOADER = "$(TEST_HOST)";
				CODE_SIGN_STYLE = Automatic;
				CURRENT_PROJECT_VERSION = 1;
				GENERATE_INFOPLIST_FILE = YES;
				MARKETING_VERSION = 1.0;
				PRODUCT_BUNDLE_IDENTIFIER = me.louis.lee.TVDisplayTests;
				PRODUCT_NAME = "$(TARGET_NAME)";
				STRING_CATALOG_GENERATE_SYMBOLS = NO;
				SWIFT_APPROACHABLE_CONCURRENCY = YES;
				SWIFT_EMIT_LOC_STRINGS = NO;
				SWIFT_UPCOMING_FEATURE_MEMBER_IMPORT_VISIBILITY = YES;
				SWIFT_VERSION = 5.0;
				TARGETED_DEVICE_FAMILY = 3;
				TEST_HOST = "$(BUILT_PRODUCTS_DIR)/TVDisplay.app/$(BUNDLE_EXECUTABLE_FOLDER_PATH)/TVDisplay";
				TVOS_DEPLOYMENT_TARGET = 26.0;
			};
			name = Debug;
		};
		9FA350152EABD77F002C6632 /* Release */ = {
			isa = XCBuildConfiguration;
			buildSettings = {
				BUNDLE_LOADER = "$(TEST_HOST)";
				CODE_SIGN_STYLE = Automatic;
				CURRENT_PROJECT_VERSION = 1;
				GENERATE_INFOPLIST_FILE = YES;
				MARKETING_VERSION = 1.0;
				PRODUCT_BUNDLE_IDENTIFIER = me.louis.lee.TVDisplayTests;
				PRODUCT_NAME = "$(TARGET_NAME)";
				STRING_CATALOG_GENERATE_SYMBOLS = NO;
				SWIFT_APPROACHABLE_CONCURRENCY = YES;
				SWIFT_EMIT_LOC_STRINGS = NO;
				SWIFT_UPCOMING_FEATURE_MEMBER_IMPORT_VISIBILITY = YES;
				SWIFT_VERSION = 5.0;
				TARGETED_DEVICE_FAMILY = 3;
				TEST_HOST = "$(BUILT_PRODUCTS_DIR)/TVDisplay.app/$(BUNDLE_EXECUTABLE_FOLDER_PATH)/TVDisplay";
				TVOS_DEPLOYMENT_TARGET = 26.0;
			};
			name = Release;
		};
		9FA350172EABD77F002C6632 /* Debug */ = {
			isa = XCBuildConfiguration;
			buildSettings = {
				CODE_SIGN_STYLE = Automatic;
				CURRENT_PROJECT_VERSION = 1;
				GENERATE_INFOPLIST_FILE = YES;
				MARKETING_VERSION = 1.0;
				PRODUCT_BUNDLE_IDENTIFIER = me.louis.lee.TVDisplayUITests;
				PRODUCT_NAME = "$(TARGET_NAME)";
				STRING_CATALOG_GENERATE_SYMBOLS = NO;
				SWIFT_APPROACHABLE_CONCURRENCY = YES;
				SWIFT_EMIT_LOC_STRINGS = NO;
				SWIFT_UPCOMING_FEATURE_MEMBER_IMPORT_VISIBILITY = YES;
				SWIFT_VERSION = 5.0;
				TARGETED_DEVICE_FAMILY = 3;
				TEST_TARGET_NAME = TVDisplay;
			};
			name = Debug;
		};
		9FA350182EABD77F002C6632 /* Release */ = {
			isa = XCBuildConfiguration;
			buildSettings = {
				CODE_SIGN_STYLE = Automatic;
				CURRENT_PROJECT_VERSION = 1;
				GENERATE_INFOPLIST_FILE = YES;
				MARKETING_VERSION = 1.0;
				PRODUCT_BUNDLE_IDENTIFIER = me.louis.lee.TVDisplayUITests;
				PRODUCT_NAME = "$(TARGET_NAME)";
				STRING_CATALOG_GENERATE_SYMBOLS = NO;
				SWIFT_APPROACHABLE_CONCURRENCY = YES;
				SWIFT_EMIT_LOC_STRINGS = NO;
				SWIFT_UPCOMING_FEATURE_MEMBER_IMPORT_VISIBILITY = YES;
				SWIFT_VERSION = 5.0;
				TARGETED_DEVICE_FAMILY = 3;
				TEST_TARGET_NAME = TVDisplay;
			};
			name = Release;
		};
/* End XCBuildConfiguration section */

/* Begin XCConfigurationList section */
		9FA34FEA2EABD77D002C6632 /* Build configuration list for PBXProject "TVDisplay" */ = {
			isa = XCConfigurationList;
			buildConfigurations = (
				9FA3500E2EABD77F002C6632 /* Debug */,
				9FA3500F2EABD77F002C6632 /* Release */,
			);
			defaultConfigurationIsVisible = 0;
			defaultConfigurationName = Release;
		};
		9FA350102EABD77F002C6632 /* Build configuration list for PBXNativeTarget "TVDisplay" */ = {
			isa = XCConfigurationList;
			buildConfigurations = (
				9FA350112EABD77F002C6632 /* Debug */,
				9FA350122EABD77F002C6632 /* Release */,
			);
			defaultConfigurationIsVisible = 0;
			defaultConfigurationName = Release;
		};
		9FA350132EABD77F002C6632 /* Build configuration list for PBXNativeTarget "TVDisplayTests" */ = {
			isa = XCConfigurationList;
			buildConfigurations = (
				9FA350142EABD77F002C6632 /* Debug */,
				9FA350152EABD77F002C6632 /* Release */,
			);
			defaultConfigurationIsVisible = 0;
			defaultConfigurationName = Release;
		};
		9FA350162EABD77F002C6632 /* Build configuration list for PBXNativeTarget "TVDisplayUITests" */ = {
			isa = XCConfigurationList;
			buildConfigurations = (
				9FA350172EABD77F002C6632 /* Debug */,
				9FA350182EABD77F002C6632 /* Release */,
			);
			defaultConfigurationIsVisible = 0;
			defaultConfigurationName = Release;
		};
/* End XCConfigurationList section */
	};
	rootObject = 9FA34FE72EABD77D002C6632 /* Project object */;
}
